
Microsoft Visual Studio Solution File, Format Version 12.00
# Visual Studio Version 17
VisualStudioVersion = 17.5.33530.505
MinimumVisualStudioVersion = 10.0.40219.1
Project("{9A19103F-16F7-4668-BE54-9A1E7A4F7556}") = "Domain", "Src\Core\Domain\Domain.csproj", "{B6686B01-50B5-4B2A-B1CC-38D662E2395E}"
EndProject
Project("{9A19103F-16F7-4668-BE54-9A1E7A4F7556}") = "Application", "Src\Core\Application\Application.csproj", "{12580837-BB79-4060-8EF6-BCEC5513C5C6}"
EndProject
Project("{9A19103F-16F7-4668-BE54-9A1E7A4F7556}") = "Infrastructure", "Src\Infrastructure\Infrastructure\Infrastructure.csproj", "{0FFD195A-B0D6-48D5-93AF-2878CD9CE27F}"
EndProject
Project("{9A19103F-16F7-4668-BE54-9A1E7A4F7556}") = "Persistence", "Src\Infrastructure\Persistence\Persistence.csproj", "{71BE3CB7-7007-4C87-B402-273139711820}"
EndProject
Project("{2150E333-8FDC-42A3-9474-1A3956D46DE8}") = "Src", "Src", "{85E08329-3242-4378-8814-5266602E30A4}"
EndProject
Project("{2150E333-8FDC-42A3-9474-1A3956D46DE8}") = "Core", "Core", "{F334D567-3E87-4833-96A5-9641D834B735}"
EndProject
Project("{2150E333-8FDC-42A3-9474-1A3956D46DE8}") = "Infrastructure", "Infrastructure", "{7D2FCC3E-6465-4675-9045-20DADB625229}"
EndProject
Project("{2150E333-8FDC-42A3-9474-1A3956D46DE8}") = "Presentation", "Presentation", "{E69F0A16-DDC9-4811-B033-8F5AC056EFED}"
EndProject
Project("{9A19103F-16F7-4668-BE54-9A1E7A4F7556}") = "ArticleService", "Src\Presentation\ArticleService\ArticleService.csproj", "{EAE9F34C-5247-44F3-8A9F-5C4F0D2E59BF}"
EndProject
Project("{2150E333-8FDC-42A3-9474-1A3956D46DE8}") = "Test", "Test", "{2E133599-5DB3-428E-8FD5-99D6DD304BA7}"
EndProject
Project("{9A19103F-16F7-4668-BE54-9A1E7A4F7556}") = "ApplicationTest", "Test\Core\ApplicationTest\ApplicationTest.csproj", "{2D211083-4CA3-4790-9BF7-94F2B26728B4}"
EndProject
Project("{E53339B2-1760-4266-BCC7-CA923CBCF16C}") = "docker-compose", "docker-compose.dcproj", "{246AB8B0-7CBE-4259-BD67-D52DCDA308C2}"
EndProject
Global
	GlobalSection(SolutionConfigurationPlatforms) = preSolution
		Debug|Any CPU = Debug|Any CPU
		Release|Any CPU = Release|Any CPU
	EndGlobalSection
	GlobalSection(ProjectConfigurationPlatforms) = postSolution
		{B6686B01-50B5-4B2A-B1CC-38D662E2395E}.Debug|Any CPU.ActiveCfg = Debug|Any CPU
		{B6686B01-50B5-4B2A-B1CC-38D662E2395E}.Debug|Any CPU.Build.0 = Debug|Any CPU
		{B6686B01-50B5-4B2A-B1CC-38D662E2395E}.Release|Any CPU.ActiveCfg = Release|Any CPU
		{B6686B01-50B5-4B2A-B1CC-38D662E2395E}.Release|Any CPU.Build.0 = Release|Any CPU
		{12580837-BB79-4060-8EF6-BCEC5513C5C6}.Debug|Any CPU.ActiveCfg = Debug|Any CPU
		{12580837-BB79-4060-8EF6-BCEC5513C5C6}.Debug|Any CPU.Build.0 = Debug|Any CPU
		{12580837-BB79-4060-8EF6-BCEC5513C5C6}.Release|Any CPU.ActiveCfg = Release|Any CPU
		{12580837-BB79-4060-8EF6-BCEC5513C5C6}.Release|Any CPU.Build.0 = Release|Any CPU
		{0FFD195A-B0D6-48D5-93AF-2878CD9CE27F}.Debug|Any CPU.ActiveCfg = Debug|Any CPU
		{0FFD195A-B0D6-48D5-93AF-2878CD9CE27F}.Debug|Any CPU.Build.0 = Debug|Any CPU
		{0FFD195A-B0D6-48D5-93AF-2878CD9CE27F}.Release|Any CPU.ActiveCfg = Release|Any CPU
		{0FFD195A-B0D6-48D5-93AF-2878CD9CE27F}.Release|Any CPU.Build.0 = Release|Any CPU
		{71BE3CB7-7007-4C87-B402-273139711820}.Debug|Any CPU.ActiveCfg = Debug|Any CPU
		{71BE3CB7-7007-4C87-B402-273139711820}.Debug|Any CPU.Build.0 = Debug|Any CPU
		{71BE3CB7-7007-4C87-B402-273139711820}.Release|Any CPU.ActiveCfg = Release|Any CPU
		{71BE3CB7-7007-4C87-B402-273139711820}.Release|Any CPU.Build.0 = Release|Any CPU
		{EAE9F34C-5247-44F3-8A9F-5C4F0D2E59BF}.Debug|Any CPU.ActiveCfg = Debug|Any CPU
		{EAE9F34C-5247-44F3-8A9F-5C4F0D2E59BF}.Debug|Any CPU.Build.0 = Debug|Any CPU
		{EAE9F34C-5247-44F3-8A9F-5C4F0D2E59BF}.Release|Any CPU.ActiveCfg = Release|Any CPU
		{EAE9F34C-5247-44F3-8A9F-5C4F0D2E59BF}.Release|Any CPU.Build.0 = Release|Any CPU
		{2D211083-4CA3-4790-9BF7-94F2B26728B4}.Debug|Any CPU.ActiveCfg = Debug|Any CPU
		{2D211083-4CA3-4790-9BF7-94F2B26728B4}.Debug|Any CPU.Build.0 = Debug|Any CPU
		{2D211083-4CA3-4790-9BF7-94F2B26728B4}.Release|Any CPU.ActiveCfg = Release|Any CPU
		{2D211083-4CA3-4790-9BF7-94F2B26728B4}.Release|Any CPU.Build.0 = Release|Any CPU
		{246AB8B0-7CBE-4259-BD67-D52DCDA308C2}.Debug|Any CPU.ActiveCfg = Debug|Any CPU
		{246AB8B0-7CBE-4259-BD67-D52DCDA308C2}.Debug|Any CPU.Build.0 = Debug|Any CPU
		{246AB8B0-7CBE-4259-BD67-D52DCDA308C2}.Release|Any CPU.ActiveCfg = Release|Any CPU
		{246AB8B0-7CBE-4259-BD67-D52DCDA308C2}.Release|Any CPU.Build.0 = Release|Any CPU
	EndGlobalSection
	GlobalSection(SolutionProperties) = preSolution
		HideSolutionNode = FALSE
	EndGlobalSection
	GlobalSection(NestedProjects) = preSolution
		{B6686B01-50B5-4B2A-B1CC-38D662E2395E} = {F334D567-3E87-4833-96A5-9641D834B735}
		{12580837-BB79-4060-8EF6-BCEC5513C5C6} = {F334D567-3E87-4833-96A5-9641D834B735}
		{0FFD195A-B0D6-48D5-93AF-2878CD9CE27F} = {7D2FCC3E-6465-4675-9045-20DADB625229}
		{71BE3CB7-7007-4C87-B402-273139711820} = {7D2FCC3E-6465-4675-9045-20DADB625229}
		{F334D567-3E87-4833-96A5-9641D834B735} = {85E08329-3242-4378-8814-5266602E30A4}
		{7D2FCC3E-6465-4675-9045-20DADB625229} = {85E08329-3242-4378-8814-5266602E30A4}
		{E69F0A16-DDC9-4811-B033-8F5AC056EFED} = {85E08329-3242-4378-8814-5266602E30A4}
		{EAE9F34C-5247-44F3-8A9F-5C4F0D2E59BF} = {E69F0A16-DDC9-4811-B033-8F5AC056EFED}
		{2D211083-4CA3-4790-9BF7-94F2B26728B4} = {2E133599-5DB3-428E-8FD5-99D6DD304BA7}
	EndGlobalSection
	GlobalSection(ExtensibilityGlobals) = postSolution
		SolutionGuid = {B2458AC3-A1FC-4F4D-9331-53CE0FEAABA1}
	EndGlobalSection
EndGlobal
